
Microsoft Visual Studio Solution File, Format Version 12.00
# Visual Studio 15
VisualStudioVersion = 15.0.27004.2002
MinimumVisualStudioVersion = 10.0.40219.1
Project("{FAE04EC0-301F-11D3-BF4B-00C04F79EFBC}") = "QRCode.Leitor.Android", "src\QRCode.Leitor\QRCode.Leitor.Android\QRCode.Leitor.Android.csproj", "{B13551BE-A94A-4CC0-98C9-78240DF28BF7}"
EndProject
Project("{FAE04EC0-301F-11D3-BF4B-00C04F79EFBC}") = "QRCode.Leitor", "src\QRCode.Leitor\QRCode.Leitor\QRCode.Leitor.csproj", "{046DBC89-C6E7-4804-A68F-D43126824CFF}"
EndProject
Project("{FAE04EC0-301F-11D3-BF4B-00C04F79EFBC}") = "QRCode.Leitor.UWP", "src\QRCode.Leitor\QRCode.Leitor.UWP\QRCode.Leitor.UWP.csproj", "{71E9B235-0422-40BF-B350-2579741E7843}"
EndProject
Project("{FAE04EC0-301F-11D3-BF4B-00C04F79EFBC}") = "QRCode.Leitor.iOS", "src\QRCode.Leitor\QRCode.Leitor.iOS\QRCode.Leitor.iOS.csproj", "{60F65276-E766-486C-ABD8-16C1258BBDCD}"
EndProject
Global
	GlobalSection(SolutionConfigurationPlatforms) = preSolution
		Ad-Hoc|Any CPU = Ad-Hoc|Any CPU
		Ad-Hoc|ARM = Ad-Hoc|ARM
		Ad-Hoc|iPhone = Ad-Hoc|iPhone
		Ad-Hoc|iPhoneSimulator = Ad-Hoc|iPhoneSimulator
		Ad-Hoc|x64 = Ad-Hoc|x64
		Ad-Hoc|x86 = Ad-Hoc|x86
		AppStore|Any CPU = AppStore|Any CPU
		AppStore|ARM = AppStore|ARM
		AppStore|iPhone = AppStore|iPhone
		AppStore|iPhoneSimulator = AppStore|iPhoneSimulator
		AppStore|x64 = AppStore|x64
		AppStore|x86 = AppStore|x86
		Debug|Any CPU = Debug|Any CPU
		Debug|ARM = Debug|ARM
		Debug|iPhone = Debug|iPhone
		Debug|iPhoneSimulator = Debug|iPhoneSimulator
		Debug|x64 = Debug|x64
		Debug|x86 = Debug|x86
		Release|Any CPU = Release|Any CPU
		Release|ARM = Release|ARM
		Release|iPhone = Release|iPhone
		Release|iPhoneSimulator = Release|iPhoneSimulator
		Release|x64 = Release|x64
		Release|x86 = Release|x86
	EndGlobalSection
	GlobalSection(ProjectConfigurationPlatforms) = postSolution
		{B13551BE-A94A-4CC0-98C9-78240DF28BF7}.Ad-Hoc|Any CPU.ActiveCfg = Release|Any CPU
		{B13551BE-A94A-4CC0-98C9-78240DF28BF7}.Ad-Hoc|Any CPU.Build.0 = Release|Any CPU
		{B13551BE-A94A-4CC0-98C9-78240DF28BF7}.Ad-Hoc|Any CPU.Deploy.0 = Release|Any CPU
		{B13551BE-A94A-4CC0-98C9-78240DF28BF7}.Ad-Hoc|ARM.ActiveCfg = Release|Any CPU
		{B13551BE-A94A-4CC0-98C9-78240DF28BF7}.Ad-Hoc|ARM.Build.0 = Release|Any CPU
		{B13551BE-A94A-4CC0-98C9-78240DF28BF7}.Ad-Hoc|ARM.Deploy.0 = Release|Any CPU
		{B13551BE-A94A-4CC0-98C9-78240DF28BF7}.Ad-Hoc|iPhone.ActiveCfg = Release|Any CPU
		{B13551BE-A94A-4CC0-98C9-78240DF28BF7}.Ad-Hoc|iPhone.Build.0 = Release|Any CPU
		{B13551BE-A94A-4CC0-98C9-78240DF28BF7}.Ad-Hoc|iPhone.Deploy.0 = Release|Any CPU
		{B13551BE-A94A-4CC0-98C9-78240DF28BF7}.Ad-Hoc|iPhoneSimulator.ActiveCfg = Release|Any CPU
		{B13551BE-A94A-4CC0-98C9-78240DF28BF7}.Ad-Hoc|iPhoneSimulator.Build.0 = Release|Any CPU
		{B13551BE-A94A-4CC0-98C9-78240DF28BF7}.Ad-Hoc|iPhoneSimulator.Deploy.0 = Release|Any CPU
		{B13551BE-A94A-4CC0-98C9-78240DF28BF7}.Ad-Hoc|x64.ActiveCfg = Release|Any CPU
		{B13551BE-A94A-4CC0-98C9-78240DF28BF7}.Ad-Hoc|x64.Build.0 = Release|Any CPU
		{B13551BE-A94A-4CC0-98C9-78240DF28BF7}.Ad-Hoc|x64.Deploy.0 = Release|Any CPU
		{B13551BE-A94A-4CC0-98C9-78240DF28BF7}.Ad-Hoc|x86.ActiveCfg = Release|Any CPU
		{B13551BE-A94A-4CC0-98C9-78240DF28BF7}.Ad-Hoc|x86.Build.0 = Release|Any CPU
		{B13551BE-A94A-4CC0-98C9-78240DF28BF7}.Ad-Hoc|x86.Deploy.0 = Release|Any CPU
		{B13551BE-A94A-4CC0-98C9-78240DF28BF7}.AppStore|Any CPU.ActiveCfg = Release|Any CPU
		{B13551BE-A94A-4CC0-98C9-78240DF28BF7}.AppStore|Any CPU.Build.0 = Release|Any CPU
		{B13551BE-A94A-4CC0-98C9-78240DF28BF7}.AppStore|Any CPU.Deploy.0 = Release|Any CPU
		{B13551BE-A94A-4CC0-98C9-78240DF28BF7}.AppStore|ARM.ActiveCfg = Release|Any CPU
		{B13551BE-A94A-4CC0-98C9-78240DF28BF7}.AppStore|ARM.Build.0 = Release|Any CPU
		{B13551BE-A94A-4CC0-98C9-78240DF28BF7}.AppStore|ARM.Deploy.0 = Release|Any CPU
		{B13551BE-A94A-4CC0-98C9-78240DF28BF7}.AppStore|iPhone.ActiveCfg = Release|Any CPU
		{B13551BE-A94A-4CC0-98C9-78240DF28BF7}.AppStore|iPhone.Build.0 = Release|Any CPU
		{B13551BE-A94A-4CC0-98C9-78240DF28BF7}.AppStore|iPhone.Deploy.0 = Release|Any CPU
		{B13551BE-A94A-4CC0-98C9-78240DF28BF7}.AppStore|iPhoneSimulator.ActiveCfg = Release|Any CPU
		{B13551BE-A94A-4CC0-98C9-78240DF28BF7}.AppStore|iPhoneSimulator.Build.0 = Release|Any CPU
		{B13551BE-A94A-4CC0-98C9-78240DF28BF7}.AppStore|iPhoneSimulator.Deploy.0 = Release|Any CPU
		{B13551BE-A94A-4CC0-98C9-78240DF28BF7}.AppStore|x64.ActiveCfg = Release|Any CPU
		{B13551BE-A94A-4CC0-98C9-78240DF28BF7}.AppStore|x64.Build.0 = Release|Any CPU
		{B13551BE-A94A-4CC0-98C9-78240DF28BF7}.AppStore|x64.Deploy.0 = Release|Any CPU
		{B13551BE-A94A-4CC0-98C9-78240DF28BF7}.AppStore|x86.ActiveCfg = Release|Any CPU
		{B13551BE-A94A-4CC0-98C9-78240DF28BF7}.AppStore|x86.Build.0 = Release|Any CPU
		{B13551BE-A94A-4CC0-98C9-78240DF28BF7}.AppStore|x86.Deploy.0 = Release|Any CPU
		{B13551BE-A94A-4CC0-98C9-78240DF28BF7}.Debug|Any CPU.ActiveCfg = Debug|Any CPU
		{B13551BE-A94A-4CC0-98C9-78240DF28BF7}.Debug|Any CPU.Build.0 = Debug|Any CPU
		{B13551BE-A94A-4CC0-98C9-78240DF28BF7}.Debug|Any CPU.Deploy.0 = Debug|Any CPU
		{B13551BE-A94A-4CC0-98C9-78240DF28BF7}.Debug|ARM.ActiveCfg = Debug|Any CPU
		{B13551BE-A94A-4CC0-98C9-78240DF28BF7}.Debug|ARM.Build.0 = Debug|Any CPU
		{B13551BE-A94A-4CC0-98C9-78240DF28BF7}.Debug|ARM.Deploy.0 = Debug|Any CPU
		{B13551BE-A94A-4CC0-98C9-78240DF28BF7}.Debug|iPhone.ActiveCfg = Debug|Any CPU
		{B13551BE-A94A-4CC0-98C9-78240DF28BF7}.Debug|iPhone.Build.0 = Debug|Any CPU
		{B13551BE-A94A-4CC0-98C9-78240DF28BF7}.Debug|iPhone.Deploy.0 = Debug|Any CPU
		{B13551BE-A94A-4CC0-98C9-78240DF28BF7}.Debug|iPhoneSimulator.ActiveCfg = Debug|Any CPU
		{B13551BE-A94A-4CC0-98C9-78240DF28BF7}.Debug|iPhoneSimulator.Build.0 = Debug|Any CPU
		{B13551BE-A94A-4CC0-98C9-78240DF28BF7}.Debug|iPhoneSimulator.Deploy.0 = Debug|Any CPU
		{B13551BE-A94A-4CC0-98C9-78240DF28BF7}.Debug|x64.ActiveCfg = Debug|Any CPU
		{B13551BE-A94A-4CC0-98C9-78240DF28BF7}.Debug|x64.Build.0 = Debug|Any CPU
		{B13551BE-A94A-4CC0-98C9-78240DF28BF7}.Debug|x64.Deploy.0 = Debug|Any CPU
		{B13551BE-A94A-4CC0-98C9-78240DF28BF7}.Debug|x86.ActiveCfg = Debug|Any CPU
		{B13551BE-A94A-4CC0-98C9-78240DF28BF7}.Debug|x86.Build.0 = Debug|Any CPU
		{B13551BE-A94A-4CC0-98C9-78240DF28BF7}.Debug|x86.Deploy.0 = Debug|Any CPU
		{B13551BE-A94A-4CC0-98C9-78240DF28BF7}.Release|Any CPU.ActiveCfg = Release|Any CPU
		{B13551BE-A94A-4CC0-98C9-78240DF28BF7}.Release|Any CPU.Build.0 = Release|Any CPU
		{B13551BE-A94A-4CC0-98C9-78240DF28BF7}.Release|Any CPU.Deploy.0 = Release|Any CPU
		{B13551BE-A94A-4CC0-98C9-78240DF28BF7}.Release|ARM.ActiveCfg = Release|Any CPU
		{B13551BE-A94A-4CC0-98C9-78240DF28BF7}.Release|ARM.Build.0 = Release|Any CPU
		{B13551BE-A94A-4CC0-98C9-78240DF28BF7}.Release|ARM.Deploy.0 = Release|Any CPU
		{B13551BE-A94A-4CC0-98C9-78240DF28BF7}.Release|iPhone.ActiveCfg = Release|Any CPU
		{B13551BE-A94A-4CC0-98C9-78240DF28BF7}.Release|iPhone.Build.0 = Release|Any CPU
		{B13551BE-A94A-4CC0-98C9-78240DF28BF7}.Release|iPhone.Deploy.0 = Release|Any CPU
		{B13551BE-A94A-4CC0-98C9-78240DF28BF7}.Release|iPhoneSimulator.ActiveCfg = Release|Any CPU
		{B13551BE-A94A-4CC0-98C9-78240DF28BF7}.Release|iPhoneSimulator.Build.0 = Release|Any CPU
		{B13551BE-A94A-4CC0-98C9-78240DF28BF7}.Release|iPhoneSimulator.Deploy.0 = Release|Any CPU
		{B13551BE-A94A-4CC0-98C9-78240DF28BF7}.Release|x64.ActiveCfg = Release|Any CPU
		{B13551BE-A94A-4CC0-98C9-78240DF28BF7}.Release|x64.Build.0 = Release|Any CPU
		{B13551BE-A94A-4CC0-98C9-78240DF28BF7}.Release|x64.Deploy.0 = Release|Any CPU
		{B13551BE-A94A-4CC0-98C9-78240DF28BF7}.Release|x86.ActiveCfg = Release|Any CPU
		{B13551BE-A94A-4CC0-98C9-78240DF28BF7}.Release|x86.Build.0 = Release|Any CPU
		{B13551BE-A94A-4CC0-98C9-78240DF28BF7}.Release|x86.Deploy.0 = Release|Any CPU
		{046DBC89-C6E7-4804-A68F-D43126824CFF}.Ad-Hoc|Any CPU.ActiveCfg = Release|Any CPU
		{046DBC89-C6E7-4804-A68F-D43126824CFF}.Ad-Hoc|Any CPU.Build.0 = Release|Any CPU
		{046DBC89-C6E7-4804-A68F-D43126824CFF}.Ad-Hoc|ARM.ActiveCfg = Release|Any CPU
		{046DBC89-C6E7-4804-A68F-D43126824CFF}.Ad-Hoc|ARM.Build.0 = Release|Any CPU
		{046DBC89-C6E7-4804-A68F-D43126824CFF}.Ad-Hoc|iPhone.ActiveCfg = Release|Any CPU
		{046DBC89-C6E7-4804-A68F-D43126824CFF}.Ad-Hoc|iPhone.Build.0 = Release|Any CPU
		{046DBC89-C6E7-4804-A68F-D43126824CFF}.Ad-Hoc|iPhoneSimulator.ActiveCfg = Release|Any CPU
		{046DBC89-C6E7-4804-A68F-D43126824CFF}.Ad-Hoc|iPhoneSimulator.Build.0 = Release|Any CPU
		{046DBC89-C6E7-4804-A68F-D43126824CFF}.Ad-Hoc|x64.ActiveCfg = Release|Any CPU
		{046DBC89-C6E7-4804-A68F-D43126824CFF}.Ad-Hoc|x64.Build.0 = Release|Any CPU
		{046DBC89-C6E7-4804-A68F-D43126824CFF}.Ad-Hoc|x86.ActiveCfg = Release|Any CPU
		{046DBC89-C6E7-4804-A68F-D43126824CFF}.Ad-Hoc|x86.Build.0 = Release|Any CPU
		{046DBC89-C6E7-4804-A68F-D43126824CFF}.AppStore|Any CPU.ActiveCfg = Release|Any CPU
		{046DBC89-C6E7-4804-A68F-D43126824CFF}.AppStore|Any CPU.Build.0 = Release|Any CPU
		{046DBC89-C6E7-4804-A68F-D43126824CFF}.AppStore|ARM.ActiveCfg = Release|Any CPU
		{046DBC89-C6E7-4804-A68F-D43126824CFF}.AppStore|ARM.Build.0 = Release|Any CPU
		{046DBC89-C6E7-4804-A68F-D43126824CFF}.AppStore|iPhone.ActiveCfg = Release|Any CPU
		{046DBC89-C6E7-4804-A68F-D43126824CFF}.AppStore|iPhone.Build.0 = Release|Any CPU
		{046DBC89-C6E7-4804-A68F-D43126824CFF}.AppStore|iPhoneSimulator.ActiveCfg = Release|Any CPU
		{046DBC89-C6E7-4804-A68F-D43126824CFF}.AppStore|iPhoneSimulator.Build.0 = Release|Any CPU
		{046DBC89-C6E7-4804-A68F-D43126824CFF}.AppStore|x64.ActiveCfg = Release|Any CPU
		{046DBC89-C6E7-4804-A68F-D43126824CFF}.AppStore|x64.Build.0 = Release|Any CPU
		{046DBC89-C6E7-4804-A68F-D43126824CFF}.AppStore|x86.ActiveCfg = Release|Any CPU
		{046DBC89-C6E7-4804-A68F-D43126824CFF}.AppStore|x86.Build.0 = Release|Any CPU
		{046DBC89-C6E7-4804-A68F-D43126824CFF}.Debug|Any CPU.ActiveCfg = Debug|Any CPU
		{046DBC89-C6E7-4804-A68F-D43126824CFF}.Debug|Any CPU.Build.0 = Debug|Any CPU
		{046DBC89-C6E7-4804-A68F-D43126824CFF}.Debug|ARM.ActiveCfg = Debug|Any CPU
		{046DBC89-C6E7-4804-A68F-D43126824CFF}.Debug|ARM.Build.0 = Debug|Any CPU
		{046DBC89-C6E7-4804-A68F-D43126824CFF}.Debug|iPhone.ActiveCfg = Debug|Any CPU
		{046DBC89-C6E7-4804-A68F-D43126824CFF}.Debug|iPhone.Build.0 = Debug|Any CPU
		{046DBC89-C6E7-4804-A68F-D43126824CFF}.Debug|iPhoneSimulator.ActiveCfg = Debug|Any CPU
		{046DBC89-C6E7-4804-A68F-D43126824CFF}.Debug|iPhoneSimulator.Build.0 = Debug|Any CPU
		{046DBC89-C6E7-4804-A68F-D43126824CFF}.Debug|x64.ActiveCfg = Debug|Any CPU
		{046DBC89-C6E7-4804-A68F-D43126824CFF}.Debug|x64.Build.0 = Debug|Any CPU
		{046DBC89-C6E7-4804-A68F-D43126824CFF}.Debug|x86.ActiveCfg = Debug|Any CPU
		{046DBC89-C6E7-4804-A68F-D43126824CFF}.Debug|x86.Build.0 = Debug|Any CPU
		{046DBC89-C6E7-4804-A68F-D43126824CFF}.Release|Any CPU.ActiveCfg = Release|Any CPU
		{046DBC89-C6E7-4804-A68F-D43126824CFF}.Release|Any CPU.Build.0 = Release|Any CPU
		{046DBC89-C6E7-4804-A68F-D43126824CFF}.Release|ARM.ActiveCfg = Release|Any CPU
		{046DBC89-C6E7-4804-A68F-D43126824CFF}.Release|ARM.Build.0 = Release|Any CPU
		{046DBC89-C6E7-4804-A68F-D43126824CFF}.Release|iPhone.ActiveCfg = Release|Any CPU
		{046DBC89-C6E7-4804-A68F-D43126824CFF}.Release|iPhone.Build.0 = Release|Any CPU
		{046DBC89-C6E7-4804-A68F-D43126824CFF}.Release|iPhoneSimulator.ActiveCfg = Release|Any CPU
		{046DBC89-C6E7-4804-A68F-D43126824CFF}.Release|iPhoneSimulator.Build.0 = Release|Any CPU
		{046DBC89-C6E7-4804-A68F-D43126824CFF}.Release|x64.ActiveCfg = Release|Any CPU
		{046DBC89-C6E7-4804-A68F-D43126824CFF}.Release|x64.Build.0 = Release|Any CPU
		{046DBC89-C6E7-4804-A68F-D43126824CFF}.Release|x86.ActiveCfg = Release|Any CPU
		{046DBC89-C6E7-4804-A68F-D43126824CFF}.Release|x86.Build.0 = Release|Any CPU
		{71E9B235-0422-40BF-B350-2579741E7843}.Ad-Hoc|Any CPU.ActiveCfg = Release|x86
		{71E9B235-0422-40BF-B350-2579741E7843}.Ad-Hoc|Any CPU.Build.0 = Release|x86
		{71E9B235-0422-40BF-B350-2579741E7843}.Ad-Hoc|Any CPU.Deploy.0 = Release|x86
		{71E9B235-0422-40BF-B350-2579741E7843}.Ad-Hoc|ARM.ActiveCfg = Release|ARM
		{71E9B235-0422-40BF-B350-2579741E7843}.Ad-Hoc|ARM.Build.0 = Release|ARM
		{71E9B235-0422-40BF-B350-2579741E7843}.Ad-Hoc|ARM.Deploy.0 = Release|ARM
		{71E9B235-0422-40BF-B350-2579741E7843}.Ad-Hoc|iPhone.ActiveCfg = Release|x86
		{71E9B235-0422-40BF-B350-2579741E7843}.Ad-Hoc|iPhone.Build.0 = Release|x86
		{71E9B235-0422-40BF-B350-2579741E7843}.Ad-Hoc|iPhone.Deploy.0 = Release|x86
		{71E9B235-0422-40BF-B350-2579741E7843}.Ad-Hoc|iPhoneSimulator.ActiveCfg = Release|x86
		{71E9B235-0422-40BF-B350-2579741E7843}.Ad-Hoc|iPhoneSimulator.Build.0 = Release|x86
		{71E9B235-0422-40BF-B350-2579741E7843}.Ad-Hoc|iPhoneSimulator.Deploy.0 = Release|x86
		{71E9B235-0422-40BF-B350-2579741E7843}.Ad-Hoc|x64.ActiveCfg = Release|x64
		{71E9B235-0422-40BF-B350-2579741E7843}.Ad-Hoc|x64.Build.0 = Release|x64
		{71E9B235-0422-40BF-B350-2579741E7843}.Ad-Hoc|x64.Deploy.0 = Release|x64
		{71E9B235-0422-40BF-B350-2579741E7843}.Ad-Hoc|x86.ActiveCfg = Release|x86
		{71E9B235-0422-40BF-B350-2579741E7843}.Ad-Hoc|x86.Build.0 = Release|x86
		{71E9B235-0422-40BF-B350-2579741E7843}.Ad-Hoc|x86.Deploy.0 = Release|x86
		{71E9B235-0422-40BF-B350-2579741E7843}.AppStore|Any CPU.ActiveCfg = Release|x86
		{71E9B235-0422-40BF-B350-2579741E7843}.AppStore|Any CPU.Build.0 = Release|x86
		{71E9B235-0422-40BF-B350-2579741E7843}.AppStore|Any CPU.Deploy.0 = Release|x86
		{71E9B235-0422-40BF-B350-2579741E7843}.AppStore|ARM.ActiveCfg = Release|ARM
		{71E9B235-0422-40BF-B350-2579741E7843}.AppStore|ARM.Build.0 = Release|ARM
		{71E9B235-0422-40BF-B350-2579741E7843}.AppStore|ARM.Deploy.0 = Release|ARM
		{71E9B235-0422-40BF-B350-2579741E7843}.AppStore|iPhone.ActiveCfg = Release|x86
		{71E9B235-0422-40BF-B350-2579741E7843}.AppStore|iPhone.Build.0 = Release|x86
		{71E9B235-0422-40BF-B350-2579741E7843}.AppStore|iPhone.Deploy.0 = Release|x86
		{71E9B235-0422-40BF-B350-2579741E7843}.AppStore|iPhoneSimulator.ActiveCfg = Release|x86
		{71E9B235-0422-40BF-B350-2579741E7843}.AppStore|iPhoneSimulator.Build.0 = Release|x86
		{71E9B235-0422-40BF-B350-2579741E7843}.AppStore|iPhoneSimulator.Deploy.0 = Release|x86
		{71E9B235-0422-40BF-B350-2579741E7843}.AppStore|x64.ActiveCfg = Release|x64
		{71E9B235-0422-40BF-B350-2579741E7843}.AppStore|x64.Build.0 = Release|x64
		{71E9B235-0422-40BF-B350-2579741E7843}.AppStore|x64.Deploy.0 = Release|x64
		{71E9B235-0422-40BF-B350-2579741E7843}.AppStore|x86.ActiveCfg = Release|x86
		{71E9B235-0422-40BF-B350-2579741E7843}.AppStore|x86.Build.0 = Release|x86
		{71E9B235-0422-40BF-B350-2579741E7843}.AppStore|x86.Deploy.0 = Release|x86
		{71E9B235-0422-40BF-B350-2579741E7843}.Debug|Any CPU.ActiveCfg = Debug|x86
		{71E9B235-0422-40BF-B350-2579741E7843}.Debug|ARM.ActiveCfg = Debug|ARM
		{71E9B235-0422-40BF-B350-2579741E7843}.Debug|ARM.Build.0 = Debug|ARM
		{71E9B235-0422-40BF-B350-2579741E7843}.Debug|ARM.Deploy.0 = Debug|ARM
		{71E9B235-0422-40BF-B350-2579741E7843}.Debug|iPhone.ActiveCfg = Debug|x86
		{71E9B235-0422-40BF-B350-2579741E7843}.Debug|iPhoneSimulator.ActiveCfg = Debug|x86
		{71E9B235-0422-40BF-B350-2579741E7843}.Debug|x64.ActiveCfg = Debug|x64
		{71E9B235-0422-40BF-B350-2579741E7843}.Debug|x64.Build.0 = Debug|x64
		{71E9B235-0422-40BF-B350-2579741E7843}.Debug|x64.Deploy.0 = Debug|x64
		{71E9B235-0422-40BF-B350-2579741E7843}.Debug|x86.ActiveCfg = Debug|x86
		{71E9B235-0422-40BF-B350-2579741E7843}.Debug|x86.Build.0 = Debug|x86
		{71E9B235-0422-40BF-B350-2579741E7843}.Debug|x86.Deploy.0 = Debug|x86
		{71E9B235-0422-40BF-B350-2579741E7843}.Release|Any CPU.ActiveCfg = Release|x86
		{71E9B235-0422-40BF-B350-2579741E7843}.Release|ARM.ActiveCfg = Release|ARM
		{71E9B235-0422-40BF-B350-2579741E7843}.Release|ARM.Build.0 = Release|ARM
		{71E9B235-0422-40BF-B350-2579741E7843}.Release|ARM.Deploy.0 = Release|ARM
		{71E9B235-0422-40BF-B350-2579741E7843}.Release|iPhone.ActiveCfg = Release|x86
		{71E9B235-0422-40BF-B350-2579741E7843}.Release|iPhoneSimulator.ActiveCfg = Release|x86
		{71E9B235-0422-40BF-B350-2579741E7843}.Release|x64.ActiveCfg = Release|x64
		{71E9B235-0422-40BF-B350-2579741E7843}.Release|x64.Build.0 = Release|x64
		{71E9B235-0422-40BF-B350-2579741E7843}.Release|x64.Deploy.0 = Release|x64
		{71E9B235-0422-40BF-B350-2579741E7843}.Release|x86.ActiveCfg = Release|x86
		{71E9B235-0422-40BF-B350-2579741E7843}.Release|x86.Build.0 = Release|x86
		{71E9B235-0422-40BF-B350-2579741E7843}.Release|x86.Deploy.0 = Release|x86
		{60F65276-E766-486C-ABD8-16C1258BBDCD}.Ad-Hoc|Any CPU.ActiveCfg = Ad-Hoc|iPhoneSimulator
		{60F65276-E766-486C-ABD8-16C1258BBDCD}.Ad-Hoc|ARM.ActiveCfg = Ad-Hoc|iPhone
		{60F65276-E766-486C-ABD8-16C1258BBDCD}.Ad-Hoc|iPhone.ActiveCfg = Ad-Hoc|iPhone
		{60F65276-E766-486C-ABD8-16C1258BBDCD}.Ad-Hoc|iPhone.Build.0 = Ad-Hoc|iPhone
		{60F65276-E766-486C-ABD8-16C1258BBDCD}.Ad-Hoc|iPhoneSimulator.ActiveCfg = Ad-Hoc|iPhoneSimulator
		{60F65276-E766-486C-ABD8-16C1258BBDCD}.Ad-Hoc|iPhoneSimulator.Build.0 = Ad-Hoc|iPhoneSimulator
		{60F65276-E766-486C-ABD8-16C1258BBDCD}.Ad-Hoc|x64.ActiveCfg = Ad-Hoc|iPhone
		{60F65276-E766-486C-ABD8-16C1258BBDCD}.Ad-Hoc|x86.ActiveCfg = Ad-Hoc|iPhone
		{60F65276-E766-486C-ABD8-16C1258BBDCD}.AppStore|Any CPU.ActiveCfg = AppStore|iPhoneSimulator
		{60F65276-E766-486C-ABD8-16C1258BBDCD}.AppStore|ARM.ActiveCfg = AppStore|iPhone
		{60F65276-E766-486C-ABD8-16C1258BBDCD}.AppStore|iPhone.ActiveCfg = AppStore|iPhone
		{60F65276-E766-486C-ABD8-16C1258BBDCD}.AppStore|iPhone.Build.0 = AppStore|iPhone
		{60F65276-E766-486C-ABD8-16C1258BBDCD}.AppStore|iPhoneSimulator.ActiveCfg = AppStore|iPhoneSimulator
		{60F65276-E766-486C-ABD8-16C1258BBDCD}.AppStore|iPhoneSimulator.Build.0 = AppStore|iPhoneSimulator
		{60F65276-E766-486C-ABD8-16C1258BBDCD}.AppStore|x64.ActiveCfg = AppStore|iPhone
		{60F65276-E766-486C-ABD8-16C1258BBDCD}.AppStore|x86.ActiveCfg = AppStore|iPhone
		{60F65276-E766-486C-ABD8-16C1258BBDCD}.Debug|Any CPU.ActiveCfg = Debug|iPhoneSimulator
		{60F65276-E766-486C-ABD8-16C1258BBDCD}.Debug|ARM.ActiveCfg = Debug|iPhone
		{60F65276-E766-486C-ABD8-16C1258BBDCD}.Debug|iPhone.ActiveCfg = Debug|iPhone
		{60F65276-E766-486C-ABD8-16C1258BBDCD}.Debug|iPhone.Build.0 = Debug|iPhone
		{60F65276-E766-486C-ABD8-16C1258BBDCD}.Debug|iPhoneSimulator.ActiveCfg = Debug|iPhoneSimulator
		{60F65276-E766-486C-ABD8-16C1258BBDCD}.Debug|iPhoneSimulator.Build.0 = Debug|iPhoneSimulator
		{60F65276-E766-486C-ABD8-16C1258BBDCD}.Debug|x64.ActiveCfg = Debug|iPhone
		{60F65276-E766-486C-ABD8-16C1258BBDCD}.Debug|x86.ActiveCfg = Debug|iPhone
		{60F65276-E766-486C-ABD8-16C1258BBDCD}.Release|Any CPU.ActiveCfg = Release|iPhoneSimulator
		{60F65276-E766-486C-ABD8-16C1258BBDCD}.Release|ARM.ActiveCfg = Release|iPhone
		{60F65276-E766-486C-ABD8-16C1258BBDCD}.Release|iPhone.ActiveCfg = Release|iPhone
		{60F65276-E766-486C-ABD8-16C1258BBDCD}.Release|iPhone.Build.0 = Release|iPhone
		{60F65276-E766-486C-ABD8-16C1258BBDCD}.Release|iPhoneSimulator.ActiveCfg = Release|iPhoneSimulator
		{60F65276-E766-486C-ABD8-16C1258BBDCD}.Release|iPhoneSimulator.Build.0 = Release|iPhoneSimulator
		{60F65276-E766-486C-ABD8-16C1258BBDCD}.Release|x64.ActiveCfg = Release|iPhone
		{60F65276-E766-486C-ABD8-16C1258BBDCD}.Release|x86.ActiveCfg = Release|iPhone
	EndGlobalSection
	GlobalSection(SolutionProperties) = preSolution
		HideSolutionNode = FALSE
	EndGlobalSection
	GlobalSection(ExtensibilityGlobals) = postSolution
		SolutionGuid = {15A5AA2E-E141-4C32-826B-5245BC653E49}
	EndGlobalSection
EndGlobal
